# This file is generated by running "yarn install" inside your project.
# Manual changes might be lost - proceed with caution!

__metadata:
  version: 4
  cacheKey: 7

typescript@4.3.5:
  version: 4.3.5
  resolution: "typescript@npm:4.3.5"
  bin:
    tsc: bin/tsc
    tsserver: bin/tsserver
  checksum: d9a8e78d72dd19896e6bfa73ab2a0fcea6eca2700d1d6e7c33f67a970af54a3e0fed8f715a8c4e6a0ff7fc0995067b394b2003518ab0aa84cd396377e54b760c
  languageName: node
  linkType: hard

"typescript@patch:typescript@4.3.5#builtin<compat/typescript>":
  version: 4.3.5
  resolution: "typescript@patch:typescript@npm%3A4.3.5#builtin<compat/typescript>::version=4.3.5&hash=8133ad"
  bin:
    tsc: bin/tsc
    tsserver: bin/tsserver
  checksum: 7e9040a3ee8b62c9f499fdaeeb2ea143c079e88fadeba562ce2f7ee878cf3eba9cf6097bf8a4ead0de4b35582f71a4866d9f475af9b064fde430d55d9fc6aaac
  languageName: node
  linkType: hard

"yarnv2@workspace:.":
  version: 0.0.0-use.local
  resolution: "yarnv2@workspace:."
  dependencies:
    typescript: 4.3.5
  languageName: unknown
  linkType: soft
